// !$*UTF8*$!
{
	archiveVersion = 1;
	classes = {
	};
	objectVersion = 56;
	objects = {

/* Begin PBXBuildFile section */
		C03A591A2AB193BE00DDBD56 /* AppDelegate.swift in Sources */ = {isa = PBXBuildFile; fileRef = C03A59192AB193BE00DDBD56 /* AppDelegate.swift */; };
		C03A591C2AB193BE00DDBD56 /* SceneDelegate.swift in Sources */ = {isa = PBXBuildFile; fileRef = C03A591B2AB193BE00DDBD56 /* SceneDelegate.swift */; };
		C03A591E2AB193BE00DDBD56 /* ViewController.swift in Sources */ = {isa = PBXBuildFile; fileRef = C03A591D2AB193BE00DDBD56 /* ViewController.swift */; };
		C03A59212AB193BE00DDBD56 /* Main.storyboard in Resources */ = {isa = PBXBuildFile; fileRef = C03A591F2AB193BE00DDBD56 /* Main.storyboard */; };
		C03A59232AB193C200DDBD56 /* Assets.xcassets in Resources */ = {isa = PBXBuildFile; fileRef = C03A59222AB193C200DDBD56 /* Assets.xcassets */; };
		C03A59262AB193C200DDBD56 /* LaunchScreen.storyboard in Resources */ = {isa = PBXBuildFile; fileRef = C03A59242AB193C200DDBD56 /* LaunchScreen.storyboard */; };
		C03A59472AB1943400DDBD56 /* SkeletonView in Frameworks */ = {isa = PBXBuildFile; productRef = C03A59462AB1943400DDBD56 /* SkeletonView */; };
		C03A594B2AB194AB00DDBD56 /* PlanetsViewController.swift in Sources */ = {isa = PBXBuildFile; fileRef = C03A594A2AB194AB00DDBD56 /* PlanetsViewController.swift */; };
		C03A594D2AB194D300DDBD56 /* PlanetDetailViewController.swift in Sources */ = {isa = PBXBuildFile; fileRef = C03A594C2AB194D300DDBD56 /* PlanetDetailViewController.swift */; };
		C03A59502AB194FD00DDBD56 /* Planet.swift in Sources */ = {isa = PBXBuildFile; fileRef = C03A594F2AB194FD00DDBD56 /* Planet.swift */; };
		C03A59532AB1952300DDBD56 /* PlanetViewModel.swift in Sources */ = {isa = PBXBuildFile; fileRef = C03A59522AB1952300DDBD56 /* PlanetViewModel.swift */; };
		C03A59552AB1953600DDBD56 /* PlanetsViewModel.swift in Sources */ = {isa = PBXBuildFile; fileRef = C03A59542AB1953600DDBD56 /* PlanetsViewModel.swift */; };
		C03A59592AB1959300DDBD56 /* GetPlanetsResponse.swift in Sources */ = {isa = PBXBuildFile; fileRef = C03A59582AB1959300DDBD56 /* GetPlanetsResponse.swift */; };
		C03A595B2AB195A700DDBD56 /* PlanetResponse.swift in Sources */ = {isa = PBXBuildFile; fileRef = C03A595A2AB195A700DDBD56 /* PlanetResponse.swift */; };
		C03A595E2AB195D200DDBD56 /* PlanetService.swift in Sources */ = {isa = PBXBuildFile; fileRef = C03A595D2AB195D200DDBD56 /* PlanetService.swift */; };
		C03A59602AB195E700DDBD56 /* ImageService.swift in Sources */ = {isa = PBXBuildFile; fileRef = C03A595F2AB195E700DDBD56 /* ImageService.swift */; };
		C03A59642AB196C800DDBD56 /* PlanetInfoTableViewCell.swift in Sources */ = {isa = PBXBuildFile; fileRef = C03A59622AB196C800DDBD56 /* PlanetInfoTableViewCell.swift */; };
		C03A59652AB196C800DDBD56 /* PlanetInfoTableViewCell.xib in Resources */ = {isa = PBXBuildFile; fileRef = C03A59632AB196C800DDBD56 /* PlanetInfoTableViewCell.xib */; };
		C03A59672AB1971A00DDBD56 /* ReusableView.swift in Sources */ = {isa = PBXBuildFile; fileRef = C03A59662AB1971A00DDBD56 /* ReusableView.swift */; };
		C03A596A2AB1978F00DDBD56 /* Constants.swift in Sources */ = {isa = PBXBuildFile; fileRef = C03A59692AB1978F00DDBD56 /* Constants.swift */; };
		C03A596D2AB197ED00DDBD56 /* UIImageViewExtension.swift in Sources */ = {isa = PBXBuildFile; fileRef = C03A596C2AB197ED00DDBD56 /* UIImageViewExtension.swift */; };
		C03A596F2AB1981200DDBD56 /* UIViewControllerExtension.swift in Sources */ = {isa = PBXBuildFile; fileRef = C03A596E2AB1981200DDBD56 /* UIViewControllerExtension.swift */; };
		C03A59712AB1993600DDBD56 /* StartwarsEndpoint.swift in Sources */ = {isa = PBXBuildFile; fileRef = C03A59702AB1993600DDBD56 /* StartwarsEndpoint.swift */; };
		C08C919D2AB1A02000F98B31 /* Alamofire in Frameworks */ = {isa = PBXBuildFile; productRef = C08C919C2AB1A02000F98B31 /* Alamofire */; };
		C08C91A02AB1A04400F98B31 /* RxCocoa in Frameworks */ = {isa = PBXBuildFile; productRef = C08C919F2AB1A04400F98B31 /* RxCocoa */; };
		C08C91A22AB1A04400F98B31 /* RxSwift in Frameworks */ = {isa = PBXBuildFile; productRef = C08C91A12AB1A04400F98B31 /* RxSwift */; };
		C0EDCBAD2AB1B8AE00CD9B9E /* ImageLoader.swift in Sources */ = {isa = PBXBuildFile; fileRef = C0EDCBAC2AB1B8AE00CD9B9E /* ImageLoader.swift */; };
		C0EDCBB02AB1BD5D00CD9B9E /* AlamofireImage in Frameworks */ = {isa = PBXBuildFile; productRef = C0EDCBAF2AB1BD5D00CD9B9E /* AlamofireImage */; };
/* End PBXBuildFile section */

/* Begin PBXFileReference section */
		C03A59162AB193BE00DDBD56 /* StarWars.app */ = {isa = PBXFileReference; explicitFileType = wrapper.application; includeInIndex = 0; path = StarWars.app; sourceTree = BUILT_PRODUCTS_DIR; };
		C03A59192AB193BE00DDBD56 /* AppDelegate.swift */ = {isa = PBXFileReference; lastKnownFileType = sourcecode.swift; path = AppDelegate.swift; sourceTree = "<group>"; };
		C03A591B2AB193BE00DDBD56 /* SceneDelegate.swift */ = {isa = PBXFileReference; lastKnownFileType = sourcecode.swift; path = SceneDelegate.swift; sourceTree = "<group>"; };
		C03A591D2AB193BE00DDBD56 /* ViewController.swift */ = {isa = PBXFileReference; lastKnownFileType = sourcecode.swift; path = ViewController.swift; sourceTree = "<group>"; };
		C03A59202AB193BE00DDBD56 /* Base */ = {isa = PBXFileReference; lastKnownFileType = file.storyboard; name = Base; path = Base.lproj/Main.storyboard; sourceTree = "<group>"; };
		C03A59222AB193C200DDBD56 /* Assets.xcassets */ = {isa = PBXFileReference; lastKnownFileType = folder.assetcatalog; path = Assets.xcassets; sourceTree = "<group>"; };
		C03A59252AB193C200DDBD56 /* Base */ = {isa = PBXFileReference; lastKnownFileType = file.storyboard; name = Base; path = Base.lproj/LaunchScreen.storyboard; sourceTree = "<group>"; };
		C03A59272AB193C200DDBD56 /* Info.plist */ = {isa = PBXFileReference; lastKnownFileType = text.plist.xml; path = Info.plist; sourceTree = "<group>"; };
		C03A594A2AB194AB00DDBD56 /* PlanetsViewController.swift */ = {isa = PBXFileReference; lastKnownFileType = sourcecode.swift; path = PlanetsViewController.swift; sourceTree = "<group>"; };
		C03A594C2AB194D300DDBD56 /* PlanetDetailViewController.swift */ = {isa = PBXFileReference; lastKnownFileType = sourcecode.swift; path = PlanetDetailViewController.swift; sourceTree = "<group>"; };
		C03A594F2AB194FD00DDBD56 /* Planet.swift */ = {isa = PBXFileReference; lastKnownFileType = sourcecode.swift; path = Planet.swift; sourceTree = "<group>"; };
		C03A59522AB1952300DDBD56 /* PlanetViewModel.swift */ = {isa = PBXFileReference; lastKnownFileType = sourcecode.swift; path = PlanetViewModel.swift; sourceTree = "<group>"; };
		C03A59542AB1953600DDBD56 /* PlanetsViewModel.swift */ = {isa = PBXFileReference; lastKnownFileType = sourcecode.swift; path = PlanetsViewModel.swift; sourceTree = "<group>"; };
		C03A59582AB1959300DDBD56 /* GetPlanetsResponse.swift */ = {isa = PBXFileReference; lastKnownFileType = sourcecode.swift; path = GetPlanetsResponse.swift; sourceTree = "<group>"; };
		C03A595A2AB195A700DDBD56 /* PlanetResponse.swift */ = {isa = PBXFileReference; lastKnownFileType = sourcecode.swift; path = PlanetResponse.swift; sourceTree = "<group>"; };
		C03A595D2AB195D200DDBD56 /* PlanetService.swift */ = {isa = PBXFileReference; lastKnownFileType = sourcecode.swift; path = PlanetService.swift; sourceTree = "<group>"; };
		C03A595F2AB195E700DDBD56 /* ImageService.swift */ = {isa = PBXFileReference; lastKnownFileType = sourcecode.swift; path = ImageService.swift; sourceTree = "<group>"; };
		C03A59622AB196C800DDBD56 /* PlanetInfoTableViewCell.swift */ = {isa = PBXFileReference; lastKnownFileType = sourcecode.swift; path = PlanetInfoTableViewCell.swift; sourceTree = "<group>"; };
		C03A59632AB196C800DDBD56 /* PlanetInfoTableViewCell.xib */ = {isa = PBXFileReference; lastKnownFileType = file.xib; path = PlanetInfoTableViewCell.xib; sourceTree = "<group>"; };
		C03A59662AB1971A00DDBD56 /* ReusableView.swift */ = {isa = PBXFileReference; lastKnownFileType = sourcecode.swift; path = ReusableView.swift; sourceTree = "<group>"; };
		C03A59692AB1978F00DDBD56 /* Constants.swift */ = {isa = PBXFileReference; lastKnownFileType = sourcecode.swift; path = Constants.swift; sourceTree = "<group>"; };
		C03A596C2AB197ED00DDBD56 /* UIImageViewExtension.swift */ = {isa = PBXFileReference; lastKnownFileType = sourcecode.swift; path = UIImageViewExtension.swift; sourceTree = "<group>"; };
		C03A596E2AB1981200DDBD56 /* UIViewControllerExtension.swift */ = {isa = PBXFileReference; lastKnownFileType = sourcecode.swift; path = UIViewControllerExtension.swift; sourceTree = "<group>"; };
		C03A59702AB1993600DDBD56 /* StartwarsEndpoint.swift */ = {isa = PBXFileReference; lastKnownFileType = sourcecode.swift; path = StartwarsEndpoint.swift; sourceTree = "<group>"; };
		C0EDCBAC2AB1B8AE00CD9B9E /* ImageLoader.swift */ = {isa = PBXFileReference; lastKnownFileType = sourcecode.swift; path = ImageLoader.swift; sourceTree = "<group>"; };
/* End PBXFileReference section */

/* Begin PBXFrameworksBuildPhase section */
		C03A59132AB193BE00DDBD56 /* Frameworks */ = {
			isa = PBXFrameworksBuildPhase;
			buildActionMask = 2147483647;
			files = (
				C08C91A02AB1A04400F98B31 /* RxCocoa in Frameworks */,
				C03A59472AB1943400DDBD56 /* SkeletonView in Frameworks */,
				C0EDCBB02AB1BD5D00CD9B9E /* AlamofireImage in Frameworks */,
				C08C91A22AB1A04400F98B31 /* RxSwift in Frameworks */,
				C08C919D2AB1A02000F98B31 /* Alamofire in Frameworks */,
			);
			runOnlyForDeploymentPostprocessing = 0;
		};
/* End PBXFrameworksBuildPhase section */

/* Begin PBXGroup section */
		C03A590D2AB193BE00DDBD56 = {
			isa = PBXGroup;
			children = (
				C03A59182AB193BE00DDBD56 /* StarWars */,
				C03A59172AB193BE00DDBD56 /* Products */,
			);
			sourceTree = "<group>";
		};
		C03A59172AB193BE00DDBD56 /* Products */ = {
			isa = PBXGroup;
			children = (
				C03A59162AB193BE00DDBD56 /* StarWars.app */,
			);
			name = Products;
			sourceTree = "<group>";
		};
		C03A59182AB193BE00DDBD56 /* StarWars */ = {
			isa = PBXGroup;
			children = (
				C0EDCBA72AB1B5F600CD9B9E /* Common */,
				C03A59492AB1948E00DDBD56 /* Controllers */,
				C03A596B2AB197D300DDBD56 /* Extensions */,
				C03A59682AB1976500DDBD56 /* Helpers */,
				C03A594E2AB194EF00DDBD56 /* Models */,
				C03A59562AB1956700DDBD56 /* Networking */,
				C03A59482AB1945600DDBD56 /* Storyboards */,
				C03A59512AB1951500DDBD56 /* ViewModels */,
				C03A59612AB1961200DDBD56 /* Views */,
				C03A59242AB193C200DDBD56 /* LaunchScreen.storyboard */,
				C03A59222AB193C200DDBD56 /* Assets.xcassets */,
				C03A591D2AB193BE00DDBD56 /* ViewController.swift */,
				C03A591B2AB193BE00DDBD56 /* SceneDelegate.swift */,
				C03A59192AB193BE00DDBD56 /* AppDelegate.swift */,
				C03A59272AB193C200DDBD56 /* Info.plist */,
			);
			path = StarWars;
			sourceTree = "<group>";
		};
		C03A59482AB1945600DDBD56 /* Storyboards */ = {
			isa = PBXGroup;
			children = (
				C03A591F2AB193BE00DDBD56 /* Main.storyboard */,
			);
			path = Storyboards;
			sourceTree = "<group>";
		};
		C03A59492AB1948E00DDBD56 /* Controllers */ = {
			isa = PBXGroup;
			children = (
				C03A594A2AB194AB00DDBD56 /* PlanetsViewController.swift */,
				C03A594C2AB194D300DDBD56 /* PlanetDetailViewController.swift */,
			);
			path = Controllers;
			sourceTree = "<group>";
		};
		C03A594E2AB194EF00DDBD56 /* Models */ = {
			isa = PBXGroup;
			children = (
				C03A594F2AB194FD00DDBD56 /* Planet.swift */,
			);
			path = Models;
			sourceTree = "<group>";
		};
		C03A59512AB1951500DDBD56 /* ViewModels */ = {
			isa = PBXGroup;
			children = (
				C03A59522AB1952300DDBD56 /* PlanetViewModel.swift */,
				C03A59542AB1953600DDBD56 /* PlanetsViewModel.swift */,
			);
			path = ViewModels;
			sourceTree = "<group>";
		};
		C03A59562AB1956700DDBD56 /* Networking */ = {
			isa = PBXGroup;
			children = (
				C03A595C2AB195C400DDBD56 /* Services */,
				C03A59572AB1957200DDBD56 /* Responses */,
			);
			path = Networking;
			sourceTree = "<group>";
		};
		C03A59572AB1957200DDBD56 /* Responses */ = {
			isa = PBXGroup;
			children = (
				C03A59582AB1959300DDBD56 /* GetPlanetsResponse.swift */,
				C03A595A2AB195A700DDBD56 /* PlanetResponse.swift */,
			);
			path = Responses;
			sourceTree = "<group>";
		};
		C03A595C2AB195C400DDBD56 /* Services */ = {
			isa = PBXGroup;
			children = (
				C03A595D2AB195D200DDBD56 /* PlanetService.swift */,
				C03A595F2AB195E700DDBD56 /* ImageService.swift */,
				C03A59702AB1993600DDBD56 /* StartwarsEndpoint.swift */,
			);
			path = Services;
			sourceTree = "<group>";
		};
		C03A59612AB1961200DDBD56 /* Views */ = {
			isa = PBXGroup;
			children = (
				C03A59622AB196C800DDBD56 /* PlanetInfoTableViewCell.swift */,
				C03A59632AB196C800DDBD56 /* PlanetInfoTableViewCell.xib */,
				C03A59662AB1971A00DDBD56 /* ReusableView.swift */,
			);
			path = Views;
			sourceTree = "<group>";
		};
		C03A59682AB1976500DDBD56 /* Helpers */ = {
			isa = PBXGroup;
			children = (
				C03A59692AB1978F00DDBD56 /* Constants.swift */,
			);
			path = Helpers;
			sourceTree = "<group>";
		};
		C03A596B2AB197D300DDBD56 /* Extensions */ = {
			isa = PBXGroup;
			children = (
				C03A596C2AB197ED00DDBD56 /* UIImageViewExtension.swift */,
				C03A596E2AB1981200DDBD56 /* UIViewControllerExtension.swift */,
			);
			path = Extensions;
			sourceTree = "<group>";
		};
		C0EDCBA72AB1B5F600CD9B9E /* Common */ = {
			isa = PBXGroup;
			children = (
				C0EDCBAC2AB1B8AE00CD9B9E /* ImageLoader.swift */,
			);
			path = Common;
			sourceTree = "<group>";
		};
/* End PBXGroup section */

/* Begin PBXNativeTarget section */
		C03A59152AB193BE00DDBD56 /* StarWars */ = {
			isa = PBXNativeTarget;
			buildConfigurationList = C03A592A2AB193C200DDBD56 /* Build configuration list for PBXNativeTarget "StarWars" */;
			buildPhases = (
				C03A59122AB193BE00DDBD56 /* Sources */,
				C03A59132AB193BE00DDBD56 /* Frameworks */,
				C03A59142AB193BE00DDBD56 /* Resources */,
			);
			buildRules = (
			);
			dependencies = (
			);
			name = StarWars;
			packageProductDependencies = (
				C03A59462AB1943400DDBD56 /* SkeletonView */,
				C08C919C2AB1A02000F98B31 /* Alamofire */,
				C08C919F2AB1A04400F98B31 /* RxCocoa */,
				C08C91A12AB1A04400F98B31 /* RxSwift */,
				C0EDCBAF2AB1BD5D00CD9B9E /* AlamofireImage */,
			);
			productName = StarWars;
			productReference = C03A59162AB193BE00DDBD56 /* StarWars.app */;
			productType = "com.apple.product-type.application";
		};
/* End PBXNativeTarget section */

/* Begin PBXProject section */
		C03A590E2AB193BE00DDBD56 /* Project object */ = {
			isa = PBXProject;
			attributes = {
				BuildIndependentTargetsInParallel = 1;
				LastSwiftUpdateCheck = 1420;
				LastUpgradeCheck = 1420;
				TargetAttributes = {
					C03A59152AB193BE00DDBD56 = {
						CreatedOnToolsVersion = 14.2;
					};
				};
			};
			buildConfigurationList = C03A59112AB193BE00DDBD56 /* Build configuration list for PBXProject "StarWars" */;
			compatibilityVersion = "Xcode 14.0";
			developmentRegion = en;
			hasScannedForEncodings = 0;
			knownRegions = (
				en,
				Base,
			);
			mainGroup = C03A590D2AB193BE00DDBD56;
			packageReferences = (
				C03A59452AB1943400DDBD56 /* XCRemoteSwiftPackageReference "SkeletonView" */,
				C08C919B2AB1A02000F98B31 /* XCRemoteSwiftPackageReference "Alamofire" */,
				C08C919E2AB1A04400F98B31 /* XCRemoteSwiftPackageReference "RxSwift" */,
				C0EDCBAE2AB1BD5D00CD9B9E /* XCRemoteSwiftPackageReference "AlamofireImage" */,
			);
			productRefGroup = C03A59172AB193BE00DDBD56 /* Products */;
			projectDirPath = "";
			projectRoot = "";
			targets = (
				C03A59152AB193BE00DDBD56 /* StarWars */,
			);
		};
/* End PBXProject section */

/* Begin PBXResourcesBuildPhase section */
		C03A59142AB193BE00DDBD56 /* Resources */ = {
			isa = PBXResourcesBuildPhase;
			buildActionMask = 2147483647;
			files = (
				C03A59262AB193C200DDBD56 /* LaunchScreen.storyboard in Resources */,
				C03A59232AB193C200DDBD56 /* Assets.xcassets in Resources */,
				C03A59212AB193BE00DDBD56 /* Main.storyboard in Resources */,
				C03A59652AB196C800DDBD56 /* PlanetInfoTableViewCell.xib in Resources */,
			);
			runOnlyForDeploymentPostprocessing = 0;
		};
/* End PBXResourcesBuildPhase section */

/* Begin PBXSourcesBuildPhase section */
		C03A59122AB193BE00DDBD56 /* Sources */ = {
			isa = PBXSourcesBuildPhase;
			buildActionMask = 2147483647;
			files = (
				C03A59642AB196C800DDBD56 /* PlanetInfoTableViewCell.swift in Sources */,
				C03A59532AB1952300DDBD56 /* PlanetViewModel.swift in Sources */,
				C03A594B2AB194AB00DDBD56 /* PlanetsViewController.swift in Sources */,
				C03A591E2AB193BE00DDBD56 /* ViewController.swift in Sources */,
				C03A596F2AB1981200DDBD56 /* UIViewControllerExtension.swift in Sources */,
				C03A595E2AB195D200DDBD56 /* PlanetService.swift in Sources */,
				C03A596A2AB1978F00DDBD56 /* Constants.swift in Sources */,
				C03A59672AB1971A00DDBD56 /* ReusableView.swift in Sources */,
				C03A591A2AB193BE00DDBD56 /* AppDelegate.swift in Sources */,
				C03A59602AB195E700DDBD56 /* ImageService.swift in Sources */,
				C03A59552AB1953600DDBD56 /* PlanetsViewModel.swift in Sources */,
				C03A59502AB194FD00DDBD56 /* Planet.swift in Sources */,
				C0EDCBAD2AB1B8AE00CD9B9E /* ImageLoader.swift in Sources */,
				C03A59712AB1993600DDBD56 /* StartwarsEndpoint.swift in Sources */,
				C03A595B2AB195A700DDBD56 /* PlanetResponse.swift in Sources */,
				C03A594D2AB194D300DDBD56 /* PlanetDetailViewController.swift in Sources */,
				C03A591C2AB193BE00DDBD56 /* SceneDelegate.swift in Sources */,
				C03A596D2AB197ED00DDBD56 /* UIImageViewExtension.swift in Sources */,
				C03A59592AB1959300DDBD56 /* GetPlanetsResponse.swift in Sources */,
			);
			runOnlyForDeploymentPostprocessing = 0;
		};
/* End PBXSourcesBuildPhase section */

/* Begin PBXVariantGroup section */
		C03A591F2AB193BE00DDBD56 /* Main.storyboard */ = {
			isa = PBXVariantGroup;
			children = (
				C03A59202AB193BE00DDBD56 /* Base */,
			);
			name = Main.storyboard;
			sourceTree = "<group>";
		};
		C03A59242AB193C200DDBD56 /* LaunchScreen.storyboard */ = {
			isa = PBXVariantGroup;
			children = (
				C03A59252AB193C200DDBD56 /* Base */,
			);
			name = LaunchScreen.storyboard;
			sourceTree = "<group>";
		};
/* End PBXVariantGroup section */

/* Begin XCBuildConfiguration section */
		C03A59282AB193C200DDBD56 /* Debug */ = {
			isa = XCBuildConfiguration;
			buildSettings = {
				ALWAYS_SEARCH_USER_PATHS = NO;
				CLANG_ANALYZER_NONNULL = YES;
				CLANG_ANALYZER_NUMBER_OBJECT_CONVERSION = YES_AGGRESSIVE;
				CLANG_CXX_LANGUAGE_STANDARD = "gnu++20";
				CLANG_ENABLE_MODULES = YES;
				CLANG_ENABLE_OBJC_ARC = YES;
				CLANG_ENABLE_OBJC_WEAK = YES;
				CLANG_WARN_BLOCK_CAPTURE_AUTORELEASING = YES;
				CLANG_WARN_BOOL_CONVERSION = YES;
				CLANG_WARN_COMMA = YES;
				CLANG_WARN_CONSTANT_CONVERSION = YES;
				CLANG_WARN_DEPRECATED_OBJC_IMPLEMENTATIONS = YES;
				CLANG_WARN_DIRECT_OBJC_ISA_USAGE = YES_ERROR;
				CLANG_WARN_DOCUMENTATION_COMMENTS = YES;
				CLANG_WARN_EMPTY_BODY = YES;
				CLANG_WARN_ENUM_CONVERSION = YES;
				CLANG_WARN_INFINITE_RECURSION = YES;
				CLANG_WARN_INT_CONVERSION = YES;
				CLANG_WARN_NON_LITERAL_NULL_CONVERSION = YES;
				CLANG_WARN_OBJC_IMPLICIT_RETAIN_SELF = YES;
				CLANG_WARN_OBJC_LITERAL_CONVERSION = YES;
				CLANG_WARN_OBJC_ROOT_CLASS = YES_ERROR;
				CLANG_WARN_QUOTED_INCLUDE_IN_FRAMEWORK_HEADER = YES;
				CLANG_WARN_RANGE_LOOP_ANALYSIS = YES;
				CLANG_WARN_STRICT_PROTOTYPES = YES;
				CLANG_WARN_SUSPICIOUS_MOVE = YES;
				CLANG_WARN_UNGUARDED_AVAILABILITY = YES_AGGRESSIVE;
				CLANG_WARN_UNREACHABLE_CODE = YES;
				CLANG_WARN__DUPLICATE_METHOD_MATCH = YES;
				COPY_PHASE_STRIP = NO;
				DEBUG_INFORMATION_FORMAT = dwarf;
				ENABLE_STRICT_OBJC_MSGSEND = YES;
				ENABLE_TESTABILITY = YES;
				GCC_C_LANGUAGE_STANDARD = gnu11;
				GCC_DYNAMIC_NO_PIC = NO;
				GCC_NO_COMMON_BLOCKS = YES;
				GCC_OPTIMIZATION_LEVEL = 0;
				GCC_PREPROCESSOR_DEFINITIONS = (
					"DEBUG=1",
					"$(inherited)",
				);
				GCC_WARN_64_TO_32_BIT_CONVERSION = YES;
				GCC_WARN_ABOUT_RETURN_TYPE = YES_ERROR;
				GCC_WARN_UNDECLARED_SELECTOR = YES;
				GCC_WARN_UNINITIALIZED_AUTOS = YES_AGGRESSIVE;
				GCC_WARN_UNUSED_FUNCTION = YES;
				GCC_WARN_UNUSED_VARIABLE = YES;
				IPHONEOS_DEPLOYMENT_TARGET = 16.2;
				MTL_ENABLE_DEBUG_INFO = INCLUDE_SOURCE;
				MTL_FAST_MATH = YES;
				ONLY_ACTIVE_ARCH = YES;
				SDKROOT = iphoneos;
				SWIFT_ACTIVE_COMPILATION_CONDITIONS = DEBUG;
				SWIFT_OPTIMIZATION_LEVEL = "-Onone";
			};
			name = Debug;
		};
		C03A59292AB193C200DDBD56 /* Release */ = {
			isa = XCBuildConfiguration;
			buildSettings = {
				ALWAYS_SEARCH_USER_PATHS = NO;
				CLANG_ANALYZER_NONNULL = YES;
				CLANG_ANALYZER_NUMBER_OBJECT_CONVERSION = YES_AGGRESSIVE;
				CLANG_CXX_LANGUAGE_STANDARD = "gnu++20";
				CLANG_ENABLE_MODULES = YES;
				CLANG_ENABLE_OBJC_ARC = YES;
				CLANG_ENABLE_OBJC_WEAK = YES;
				CLANG_WARN_BLOCK_CAPTURE_AUTORELEASING = YES;
				CLANG_WARN_BOOL_CONVERSION = YES;
				CLANG_WARN_COMMA = YES;
				CLANG_WARN_CONSTANT_CONVERSION = YES;
				CLANG_WARN_DEPRECATED_OBJC_IMPLEMENTATIONS = YES;
				CLANG_WARN_DIRECT_OBJC_ISA_USAGE = YES_ERROR;
				CLANG_WARN_DOCUMENTATION_COMMENTS = YES;
				CLANG_WARN_EMPTY_BODY = YES;
				CLANG_WARN_ENUM_CONVERSION = YES;
				CLANG_WARN_INFINITE_RECURSION = YES;
				CLANG_WARN_INT_CONVERSION = YES;
				CLANG_WARN_NON_LITERAL_NULL_CONVERSION = YES;
				CLANG_WARN_OBJC_IMPLICIT_RETAIN_SELF = YES;
				CLANG_WARN_OBJC_LITERAL_CONVERSION = YES;
				CLANG_WARN_OBJC_ROOT_CLASS = YES_ERROR;
				CLANG_WARN_QUOTED_INCLUDE_IN_FRAMEWORK_HEADER = YES;
				CLANG_WARN_RANGE_LOOP_ANALYSIS = YES;
				CLANG_WARN_STRICT_PROTOTYPES = YES;
				CLANG_WARN_SUSPICIOUS_MOVE = YES;
				CLANG_WARN_UNGUARDED_AVAILABILITY = YES_AGGRESSIVE;
				CLANG_WARN_UNREACHABLE_CODE = YES;
				CLANG_WARN__DUPLICATE_METHOD_MATCH = YES;
				COPY_PHASE_STRIP = NO;
				DEBUG_INFORMATION_FORMAT = "dwarf-with-dsym";
				ENABLE_NS_ASSERTIONS = NO;
				ENABLE_STRICT_OBJC_MSGSEND = YES;
				GCC_C_LANGUAGE_STANDARD = gnu11;
				GCC_NO_COMMON_BLOCKS = YES;
				GCC_WARN_64_TO_32_BIT_CONVERSION = YES;
				GCC_WARN_ABOUT_RETURN_TYPE = YES_ERROR;
				GCC_WARN_UNDECLARED_SELECTOR = YES;
				GCC_WARN_UNINITIALIZED_AUTOS = YES_AGGRESSIVE;
				GCC_WARN_UNUSED_FUNCTION = YES;
				GCC_WARN_UNUSED_VARIABLE = YES;
				IPHONEOS_DEPLOYMENT_TARGET = 16.2;
				MTL_ENABLE_DEBUG_INFO = NO;
				MTL_FAST_MATH = YES;
				SDKROOT = iphoneos;
				SWIFT_COMPILATION_MODE = wholemodule;
				SWIFT_OPTIMIZATION_LEVEL = "-O";
				VALIDATE_PRODUCT = YES;
			};
			name = Release;
		};
		C03A592B2AB193C200DDBD56 /* Debug */ = {
			isa = XCBuildConfiguration;
			buildSettings = {
				ASSETCATALOG_COMPILER_APPICON_NAME = AppIcon;
				ASSETCATALOG_COMPILER_GLOBAL_ACCENT_COLOR_NAME = AccentColor;
				CODE_SIGN_STYLE = Automatic;
				CURRENT_PROJECT_VERSION = 1;
				DEVELOPMENT_TEAM = 5UZB9D8Q96;
				GENERATE_INFOPLIST_FILE = YES;
				INFOPLIST_FILE = StarWars/Info.plist;
				INFOPLIST_KEY_UIApplicationSupportsIndirectInputEvents = YES;
				INFOPLIST_KEY_UILaunchStoryboardName = LaunchScreen;
				INFOPLIST_KEY_UIMainStoryboardFile = Main;
				INFOPLIST_KEY_UISupportedInterfaceOrientations_iPad = "UIInterfaceOrientationPortrait UIInterfaceOrientationPortraitUpsideDown UIInterfaceOrientationLandscapeLeft UIInterfaceOrientationLandscapeRight";
				INFOPLIST_KEY_UISupportedInterfaceOrientations_iPhone = "UIInterfaceOrientationPortrait UIInterfaceOrientationLandscapeLeft UIInterfaceOrientationLandscapeRight";
				IPHONEOS_DEPLOYMENT_TARGET = 15.2;
				LD_RUNPATH_SEARCH_PATHS = (
					"$(inherited)",
					"@executable_path/Frameworks",
				);
				MARKETING_VERSION = 1.0;
				PRODUCT_BUNDLE_IDENTIFIER = com.sk.StarWars;
				PRODUCT_NAME = "$(TARGET_NAME)";
				SUPPORTED_PLATFORMS = "iphoneos iphonesimulator";
				SUPPORTS_MACCATALYST = NO;
				SUPPORTS_MAC_DESIGNED_FOR_IPHONE_IPAD = NO;
				SWIFT_EMIT_LOC_STRINGS = YES;
				SWIFT_VERSION = 5.0;
				TARGETED_DEVICE_FAMILY = "1,2";
			};
			name = Debug;
		};
		C03A592C2AB193C200DDBD56 /* Release */ = {
			isa = XCBuildConfiguration;
			buildSettings = {
				ASSETCATALOG_COMPILER_APPICON_NAME = AppIcon;
				ASSETCATALOG_COMPILER_GLOBAL_ACCENT_COLOR_NAME = AccentColor;
				CODE_SIGN_STYLE = Automatic;
				CURRENT_PROJECT_VERSION = 1;
				DEVELOPMENT_TEAM = 5UZB9D8Q96;
				GENERATE_INFOPLIST_FILE = YES;
				INFOPLIST_FILE = StarWars/Info.plist;
				INFOPLIST_KEY_UIApplicationSupportsIndirectInputEvents = YES;
				INFOPLIST_KEY_UILaunchStoryboardName = LaunchScreen;
				INFOPLIST_KEY_UIMainStoryboardFile = Main;
				INFOPLIST_KEY_UISupportedInterfaceOrientations_iPad = "UIInterfaceOrientationPortrait UIInterfaceOrientationPortraitUpsideDown UIInterfaceOrientationLandscapeLeft UIInterfaceOrientationLandscapeRight";
				INFOPLIST_KEY_UISupportedInterfaceOrientations_iPhone = "UIInterfaceOrientationPortrait UIInterfaceOrientationLandscapeLeft UIInterfaceOrientationLandscapeRight";
				IPHONEOS_DEPLOYMENT_TARGET = 15.2;
				LD_RUNPATH_SEARCH_PATHS = (
					"$(inherited)",
					"@executable_path/Frameworks",
				);
				MARKETING_VERSION = 1.0;
				PRODUCT_BUNDLE_IDENTIFIER = com.sk.StarWars;
				PRODUCT_NAME = "$(TARGET_NAME)";
				SUPPORTED_PLATFORMS = "iphoneos iphonesimulator";
				SUPPORTS_MACCATALYST = NO;
				SUPPORTS_MAC_DESIGNED_FOR_IPHONE_IPAD = NO;
				SWIFT_EMIT_LOC_STRINGS = YES;
				SWIFT_VERSION = 5.0;
				TARGETED_DEVICE_FAMILY = "1,2";
			};
			name = Release;
		};
/* End XCBuildConfiguration section */

/* Begin XCConfigurationList section */
		C03A59112AB193BE00DDBD56 /* Build configuration list for PBXProject "StarWars" */ = {
			isa = XCConfigurationList;
			buildConfigurations = (
				C03A59282AB193C200DDBD56 /* Debug */,
				C03A59292AB193C200DDBD56 /* Release */,
			);
			defaultConfigurationIsVisible = 0;
			defaultConfigurationName = Release;
		};
		C03A592A2AB193C200DDBD56 /* Build configuration list for PBXNativeTarget "StarWars" */ = {
			isa = XCConfigurationList;
			buildConfigurations = (
				C03A592B2AB193C200DDBD56 /* Debug */,
				C03A592C2AB193C200DDBD56 /* Release */,
			);
			defaultConfigurationIsVisible = 0;
			defaultConfigurationName = Release;
		};
/* End XCConfigurationList section */

/* Begin XCRemoteSwiftPackageReference section */
		C03A59452AB1943400DDBD56 /* XCRemoteSwiftPackageReference "SkeletonView" */ = {
			isa = XCRemoteSwiftPackageReference;
			repositoryURL = "https://github.com/Juanpe/SkeletonView.git";
			requirement = {
				kind = exactVersion;
				version = 1.9.0;
			};
		};
		C08C919B2AB1A02000F98B31 /* XCRemoteSwiftPackageReference "Alamofire" */ = {
			isa = XCRemoteSwiftPackageReference;
			repositoryURL = "https://github.com/Alamofire/Alamofire.git";
			requirement = {
				kind = exactVersion;
				version = 5.8.0;
			};
		};
		C08C919E2AB1A04400F98B31 /* XCRemoteSwiftPackageReference "RxSwift" */ = {
			isa = XCRemoteSwiftPackageReference;
			repositoryURL = "https://github.com/ReactiveX/RxSwift.git";
			requirement = {
				kind = exactVersion;
				version = 6.5.0;
			};
		};
		C0EDCBAE2AB1BD5D00CD9B9E /* XCRemoteSwiftPackageReference "AlamofireImage" */ = {
			isa = XCRemoteSwiftPackageReference;
			repositoryURL = "https://github.com/Alamofire/AlamofireImage.git";
			requirement = {
				kind = exactVersion;
				version = 4.2.0;
			};
		};
/* End XCRemoteSwiftPackageReference section */

/* Begin XCSwiftPackageProductDependency section */
		C03A59462AB1943400DDBD56 /* SkeletonView */ = {
			isa = XCSwiftPackageProductDependency;
			package = C03A59452AB1943400DDBD56 /* XCRemoteSwiftPackageReference "SkeletonView" */;
			productName = SkeletonView;
		};
		C08C919C2AB1A02000F98B31 /* Alamofire */ = {
			isa = XCSwiftPackageProductDependency;
			package = C08C919B2AB1A02000F98B31 /* XCRemoteSwiftPackageReference "Alamofire" */;
			productName = Alamofire;
		};
		C08C919F2AB1A04400F98B31 /* RxCocoa */ = {
			isa = XCSwiftPackageProductDependency;
			package = C08C919E2AB1A04400F98B31 /* XCRemoteSwiftPackageReference "RxSwift" */;
			productName = RxCocoa;
		};
		C08C91A12AB1A04400F98B31 /* RxSwift */ = {
			isa = XCSwiftPackageProductDependency;
			package = C08C919E2AB1A04400F98B31 /* XCRemoteSwiftPackageReference "RxSwift" */;
			productName = RxSwift;
		};
		C0EDCBAF2AB1BD5D00CD9B9E /* AlamofireImage */ = {
			isa = XCSwiftPackageProductDependency;
			package = C0EDCBAE2AB1BD5D00CD9B9E /* XCRemoteSwiftPackageReference "AlamofireImage" */;
			productName = AlamofireImage;
		};
/* End XCSwiftPackageProductDependency section */
	};
	rootObject = C03A590E2AB193BE00DDBD56 /* Project object */;
}
